
Microsoft Visual Studio Solution File, Format Version 12.00
# Visual Studio 15
VisualStudioVersion = 15.0.27130.2026
MinimumVisualStudioVersion = 10.0.40219.1
Project("{262852C6-CD72-467D-83FE-5EEB1973A190}") = "WeatherApp1", "WeatherApp1\WeatherApp1.jsproj", "{2FC90F80-C225-4C38-A02B-7F405D99AA6A}"
EndProject
Global
	GlobalSection(SolutionConfigurationPlatforms) = preSolution
		Debug|Android = Debug|Android
		Debug|iOS = Debug|iOS
		Debug|Windows-ARM = Debug|Windows-ARM
		Debug|Windows-x64 = Debug|Windows-x64
		Debug|Windows-x86 = Debug|Windows-x86
		Release|Android = Release|Android
		Release|iOS = Release|iOS
		Release|Windows-ARM = Release|Windows-ARM
		Release|Windows-x64 = Release|Windows-x64
		Release|Windows-x86 = Release|Windows-x86
	EndGlobalSection
	GlobalSection(ProjectConfigurationPlatforms) = postSolution
		{2FC90F80-C225-4C38-A02B-7F405D99AA6A}.Debug|Android.ActiveCfg = Debug|Android
		{2FC90F80-C225-4C38-A02B-7F405D99AA6A}.Debug|Android.Build.0 = Debug|Android
		{2FC90F80-C225-4C38-A02B-7F405D99AA6A}.Debug|Android.Deploy.0 = Debug|Android
		{2FC90F80-C225-4C38-A02B-7F405D99AA6A}.Debug|iOS.ActiveCfg = Debug|iOS
		{2FC90F80-C225-4C38-A02B-7F405D99AA6A}.Debug|iOS.Build.0 = Debug|iOS
		{2FC90F80-C225-4C38-A02B-7F405D99AA6A}.Debug|iOS.Deploy.0 = Debug|iOS
		{2FC90F80-C225-4C38-A02B-7F405D99AA6A}.Debug|Windows-ARM.ActiveCfg = Debug|Windows-ARM
		{2FC90F80-C225-4C38-A02B-7F405D99AA6A}.Debug|Windows-ARM.Build.0 = Debug|Windows-ARM
		{2FC90F80-C225-4C38-A02B-7F405D99AA6A}.Debug|Windows-ARM.Deploy.0 = Debug|Windows-ARM
		{2FC90F80-C225-4C38-A02B-7F405D99AA6A}.Debug|Windows-x64.ActiveCfg = Debug|Windows-x64
		{2FC90F80-C225-4C38-A02B-7F405D99AA6A}.Debug|Windows-x64.Build.0 = Debug|Windows-x64
		{2FC90F80-C225-4C38-A02B-7F405D99AA6A}.Debug|Windows-x64.Deploy.0 = Debug|Windows-x64
		{2FC90F80-C225-4C38-A02B-7F405D99AA6A}.Debug|Windows-x86.ActiveCfg = Debug|Windows-x86
		{2FC90F80-C225-4C38-A02B-7F405D99AA6A}.Debug|Windows-x86.Build.0 = Debug|Windows-x86
		{2FC90F80-C225-4C38-A02B-7F405D99AA6A}.Debug|Windows-x86.Deploy.0 = Debug|Windows-x86
		{2FC90F80-C225-4C38-A02B-7F405D99AA6A}.Release|Android.ActiveCfg = Release|Android
		{2FC90F80-C225-4C38-A02B-7F405D99AA6A}.Release|Android.Build.0 = Release|Android
		{2FC90F80-C225-4C38-A02B-7F405D99AA6A}.Release|Android.Deploy.0 = Release|Android
		{2FC90F80-C225-4C38-A02B-7F405D99AA6A}.Release|iOS.ActiveCfg = Release|iOS
		{2FC90F80-C225-4C38-A02B-7F405D99AA6A}.Release|iOS.Build.0 = Release|iOS
		{2FC90F80-C225-4C38-A02B-7F405D99AA6A}.Release|iOS.Deploy.0 = Release|iOS
		{2FC90F80-C225-4C38-A02B-7F405D99AA6A}.Release|Windows-ARM.ActiveCfg = Release|Windows-ARM
		{2FC90F80-C225-4C38-A02B-7F405D99AA6A}.Release|Windows-ARM.Build.0 = Release|Windows-ARM
		{2FC90F80-C225-4C38-A02B-7F405D99AA6A}.Release|Windows-ARM.Deploy.0 = Release|Windows-ARM
		{2FC90F80-C225-4C38-A02B-7F405D99AA6A}.Release|Windows-x64.ActiveCfg = Release|Windows-x64
		{2FC90F80-C225-4C38-A02B-7F405D99AA6A}.Release|Windows-x64.Build.0 = Release|Windows-x64
		{2FC90F80-C225-4C38-A02B-7F405D99AA6A}.Release|Windows-x64.Deploy.0 = Release|Windows-x64
		{2FC90F80-C225-4C38-A02B-7F405D99AA6A}.Release|Windows-x86.ActiveCfg = Release|Windows-x86
		{2FC90F80-C225-4C38-A02B-7F405D99AA6A}.Release|Windows-x86.Build.0 = Release|Windows-x86
		{2FC90F80-C225-4C38-A02B-7F405D99AA6A}.Release|Windows-x86.Deploy.0 = Release|Windows-x86
	EndGlobalSection
	GlobalSection(SolutionProperties) = preSolution
		HideSolutionNode = FALSE
	EndGlobalSection
	GlobalSection(ExtensibilityGlobals) = postSolution
		SolutionGuid = {5A4E3FDB-9C97-4333-89A9-8F9E77FA5863}
	EndGlobalSection
EndGlobal
